
Microsoft Visual Studio Solution File, Format Version 12.00
# Visual Studio 15
VisualStudioVersion = 15.0.28307.645
MinimumVisualStudioVersion = 10.0.40219.1
Project("{FAE04EC0-301F-11D3-BF4B-00C04F79EFBC}") = "DisconnectedBAL", "DiscontdLibrary\DisconnectedBAL.csproj", "{AD976A32-4F40-4224-B8A5-4F041C26A661}"
EndProject
Project("{FAE04EC0-301F-11D3-BF4B-00C04F79EFBC}") = "DiscontedDAL", "DisconnectedLibrary\DiscontedDAL.csproj", "{839C58B8-AA31-4292-A40A-569B5E3BA752}"
EndProject
Project("{FAE04EC0-301F-11D3-BF4B-00C04F79EFBC}") = "DisconnectedApp", "DisconnectedApp\DisconnectedApp.csproj", "{4A05B671-9C2B-466D-917D-D517EA8A49FB}"
EndProject
Global
	GlobalSection(SolutionConfigurationPlatforms) = preSolution
		Debug|Any CPU = Debug|Any CPU
		Release|Any CPU = Release|Any CPU
	EndGlobalSection
	GlobalSection(ProjectConfigurationPlatforms) = postSolution
		{AD976A32-4F40-4224-B8A5-4F041C26A661}.Debug|Any CPU.ActiveCfg = Debug|Any CPU
		{AD976A32-4F40-4224-B8A5-4F041C26A661}.Debug|Any CPU.Build.0 = Debug|Any CPU
		{AD976A32-4F40-4224-B8A5-4F041C26A661}.Release|Any CPU.ActiveCfg = Release|Any CPU
		{AD976A32-4F40-4224-B8A5-4F041C26A661}.Release|Any CPU.Build.0 = Release|Any CPU
		{839C58B8-AA31-4292-A40A-569B5E3BA752}.Debug|Any CPU.ActiveCfg = Debug|Any CPU
		{839C58B8-AA31-4292-A40A-569B5E3BA752}.Debug|Any CPU.Build.0 = Debug|Any CPU
		{839C58B8-AA31-4292-A40A-569B5E3BA752}.Release|Any CPU.ActiveCfg = Release|Any CPU
		{839C58B8-AA31-4292-A40A-569B5E3BA752}.Release|Any CPU.Build.0 = Release|Any CPU
		{4A05B671-9C2B-466D-917D-D517EA8A49FB}.Debug|Any CPU.ActiveCfg = Debug|Any CPU
		{4A05B671-9C2B-466D-917D-D517EA8A49FB}.Debug|Any CPU.Build.0 = Debug|Any CPU
		{4A05B671-9C2B-466D-917D-D517EA8A49FB}.Release|Any CPU.ActiveCfg = Release|Any CPU
		{4A05B671-9C2B-466D-917D-D517EA8A49FB}.Release|Any CPU.Build.0 = Release|Any CPU
	EndGlobalSection
	GlobalSection(SolutionProperties) = preSolution
		HideSolutionNode = FALSE
	EndGlobalSection
	GlobalSection(ExtensibilityGlobals) = postSolution
		SolutionGuid = {4F7934DB-96C3-43B0-AC71-A5F1A41AEA59}
	EndGlobalSection
EndGlobal
